// !$*UTF8*$!
{
	archiveVersion = 1;
	classes = {
	};
	objectVersion = 46;
	objects = {

/* Begin PBXBuildFile section */
		194A3A811C8E794D002AFECD /* NSTimer+Addition.m in Sources */ = {isa = PBXBuildFile; fileRef = 194A3A711C8E794D002AFECD /* NSTimer+Addition.m */; };
		194A3A821C8E794D002AFECD /* NSTimer+Blocks.m in Sources */ = {isa = PBXBuildFile; fileRef = 194A3A731C8E794D002AFECD /* NSTimer+Blocks.m */; };
		194A3A831C8E794D002AFECD /* UIAlertView+Block.m in Sources */ = {isa = PBXBuildFile; fileRef = 194A3A761C8E794D002AFECD /* UIAlertView+Block.m */; };
		194A3A841C8E794D002AFECD /* UILabel+AutoSize.m in Sources */ = {isa = PBXBuildFile; fileRef = 194A3A791C8E794D002AFECD /* UILabel+AutoSize.m */; };
		194A3A851C8E794D002AFECD /* UILabel+SuggestSize.m in Sources */ = {isa = PBXBuildFile; fileRef = 194A3A7B1C8E794D002AFECD /* UILabel+SuggestSize.m */; };
		194A3A861C8E794D002AFECD /* UITextField+Blocks.m in Sources */ = {isa = PBXBuildFile; fileRef = 194A3A7E1C8E794D002AFECD /* UITextField+Blocks.m */; };
		194A3A871C8E794D002AFECD /* UITextField+Select.m in Sources */ = {isa = PBXBuildFile; fileRef = 194A3A801C8E794D002AFECD /* UITextField+Select.m */; };
		194F79DD1C882A6F00599CCB /* main.m in Sources */ = {isa = PBXBuildFile; fileRef = 194F79DC1C882A6F00599CCB /* main.m */; };
		194F79E01C882A6F00599CCB /* AppDelegate.m in Sources */ = {isa = PBXBuildFile; fileRef = 194F79DF1C882A6F00599CCB /* AppDelegate.m */; };
		194F79E31C882A6F00599CCB /* ViewController.m in Sources */ = {isa = PBXBuildFile; fileRef = 194F79E21C882A6F00599CCB /* ViewController.m */; };
		194F79E61C882A6F00599CCB /* Main.storyboard in Resources */ = {isa = PBXBuildFile; fileRef = 194F79E41C882A6F00599CCB /* Main.storyboard */; };
		194F79E81C882A6F00599CCB /* Assets.xcassets in Resources */ = {isa = PBXBuildFile; fileRef = 194F79E71C882A6F00599CCB /* Assets.xcassets */; };
		194F79EB1C882A6F00599CCB /* LaunchScreen.storyboard in Resources */ = {isa = PBXBuildFile; fileRef = 194F79E91C882A6F00599CCB /* LaunchScreen.storyboard */; };
		194F79F61C882A6F00599CCB /* YHCommonDemoTests.m in Sources */ = {isa = PBXBuildFile; fileRef = 194F79F51C882A6F00599CCB /* YHCommonDemoTests.m */; };
		194F7A011C882A6F00599CCB /* YHCommonDemoUITests.m in Sources */ = {isa = PBXBuildFile; fileRef = 194F7A001C882A6F00599CCB /* YHCommonDemoUITests.m */; };
		195798841C97D84600CDDDD6 /* EXTScope.m in Sources */ = {isa = PBXBuildFile; fileRef = 1957987E1C97D84600CDDDD6 /* EXTScope.m */; };
		195AB0E11C89305C000E35AB /* NSString+hash.m in Sources */ = {isa = PBXBuildFile; fileRef = 195AB0E01C89305C000E35AB /* NSString+hash.m */; };
		195AB0E41C8930EB000E35AB /* NSData+MD5.m in Sources */ = {isa = PBXBuildFile; fileRef = 195AB0E31C8930EB000E35AB /* NSData+MD5.m */; };
		196221E31C8927A70056384E /* NSData+Base64.m in Sources */ = {isa = PBXBuildFile; fileRef = 196221C01C8927A70056384E /* NSData+Base64.m */; };
		196221E41C8927A70056384E /* NSDate+Utilities.m in Sources */ = {isa = PBXBuildFile; fileRef = 196221C31C8927A70056384E /* NSDate+Utilities.m */; };
		196221E51C8927A70056384E /* NSString+Base64.m in Sources */ = {isa = PBXBuildFile; fileRef = 196221C61C8927A70056384E /* NSString+Base64.m */; };
		196221E61C8927A70056384E /* NSString+Contains.m in Sources */ = {isa = PBXBuildFile; fileRef = 196221C81C8927A70056384E /* NSString+Contains.m */; };
		196221E71C8927A70056384E /* NSString+RegexCategory.m in Sources */ = {isa = PBXBuildFile; fileRef = 196221CA1C8927A70056384E /* NSString+RegexCategory.m */; };
		196221E81C8927A70056384E /* NSString+Size.m in Sources */ = {isa = PBXBuildFile; fileRef = 196221CC1C8927A70056384E /* NSString+Size.m */; };
		196221E91C8927A70056384E /* UIButton+Block.m in Sources */ = {isa = PBXBuildFile; fileRef = 196221CF1C8927A70056384E /* UIButton+Block.m */; };
		196221EA1C8927A70056384E /* UIColor+HEX.m in Sources */ = {isa = PBXBuildFile; fileRef = 196221D21C8927A70056384E /* UIColor+HEX.m */; };
		196221EB1C8927A70056384E /* UIDevice+Hardware.m in Sources */ = {isa = PBXBuildFile; fileRef = 196221D51C8927A70056384E /* UIDevice+Hardware.m */; };
		196221EC1C8927A70056384E /* UIImage+Blur.m in Sources */ = {isa = PBXBuildFile; fileRef = 196221D81C8927A70056384E /* UIImage+Blur.m */; };
		196221ED1C8927A70056384E /* UIImage+Color.m in Sources */ = {isa = PBXBuildFile; fileRef = 196221DA1C8927A70056384E /* UIImage+Color.m */; };
		196221EE1C8927A70056384E /* UIImage+FileName.m in Sources */ = {isa = PBXBuildFile; fileRef = 196221DC1C8927A70056384E /* UIImage+FileName.m */; };
		196221EF1C8927A70056384E /* UIImage+FX.m in Sources */ = {isa = PBXBuildFile; fileRef = 196221DE1C8927A70056384E /* UIImage+FX.m */; };
		196221F01C8927A70056384E /* UIImage+Orientation.m in Sources */ = {isa = PBXBuildFile; fileRef = 196221E01C8927A70056384E /* UIImage+Orientation.m */; };
		196221F11C8927A70056384E /* UIImage+SuperCompress.m in Sources */ = {isa = PBXBuildFile; fileRef = 196221E21C8927A70056384E /* UIImage+SuperCompress.m */; };
		197BCE1C1C916BAA00773DF2 /* UINavigationController+YHExtension.m in Sources */ = {isa = PBXBuildFile; fileRef = 197BCE1B1C916BAA00773DF2 /* UINavigationController+YHExtension.m */; };
		19E05F851C97DD39002291AB /* UIViewController+Metrics.m in Sources */ = {isa = PBXBuildFile; fileRef = 19E05F831C97DD0F002291AB /* UIViewController+Metrics.m */; };
		19FF5FA31C88588F00F67164 /* YHKVOController.m in Sources */ = {isa = PBXBuildFile; fileRef = 19FF5FA21C88588F00F67164 /* YHKVOController.m */; };
/* End PBXBuildFile section */

/* Begin PBXContainerItemProxy section */
		194F79F21C882A6F00599CCB /* PBXContainerItemProxy */ = {
			isa = PBXContainerItemProxy;
			containerPortal = 194F79D01C882A6F00599CCB /* Project object */;
			proxyType = 1;
			remoteGlobalIDString = 194F79D71C882A6F00599CCB;
			remoteInfo = YHCommonDemo;
		};
		194F79FD1C882A6F00599CCB /* PBXContainerItemProxy */ = {
			isa = PBXContainerItemProxy;
			containerPortal = 194F79D01C882A6F00599CCB /* Project object */;
			proxyType = 1;
			remoteGlobalIDString = 194F79D71C882A6F00599CCB;
			remoteInfo = YHCommonDemo;
		};
/* End PBXContainerItemProxy section */

/* Begin PBXFileReference section */
		194A3A701C8E794D002AFECD /* NSTimer+Addition.h */ = {isa = PBXFileReference; fileEncoding = 4; lastKnownFileType = sourcecode.c.h; path = "NSTimer+Addition.h"; sourceTree = "<group>"; };
		194A3A711C8E794D002AFECD /* NSTimer+Addition.m */ = {isa = PBXFileReference; fileEncoding = 4; lastKnownFileType = sourcecode.c.objc; path = "NSTimer+Addition.m"; sourceTree = "<group>"; };
		194A3A721C8E794D002AFECD /* NSTimer+Blocks.h */ = {isa = PBXFileReference; fileEncoding = 4; lastKnownFileType = sourcecode.c.h; path = "NSTimer+Blocks.h"; sourceTree = "<group>"; };
		194A3A731C8E794D002AFECD /* NSTimer+Blocks.m */ = {isa = PBXFileReference; fileEncoding = 4; lastKnownFileType = sourcecode.c.objc; path = "NSTimer+Blocks.m"; sourceTree = "<group>"; };
		194A3A751C8E794D002AFECD /* UIAlertView+Block.h */ = {isa = PBXFileReference; fileEncoding = 4; lastKnownFileType = sourcecode.c.h; path = "UIAlertView+Block.h"; sourceTree = "<group>"; };
		194A3A761C8E794D002AFECD /* UIAlertView+Block.m */ = {isa = PBXFileReference; fileEncoding = 4; lastKnownFileType = sourcecode.c.objc; path = "UIAlertView+Block.m"; sourceTree = "<group>"; };
		194A3A781C8E794D002AFECD /* UILabel+AutoSize.h */ = {isa = PBXFileReference; fileEncoding = 4; lastKnownFileType = sourcecode.c.h; path = "UILabel+AutoSize.h"; sourceTree = "<group>"; };
		194A3A791C8E794D002AFECD /* UILabel+AutoSize.m */ = {isa = PBXFileReference; fileEncoding = 4; lastKnownFileType = sourcecode.c.objc; path = "UILabel+AutoSize.m"; sourceTree = "<group>"; };
		194A3A7A1C8E794D002AFECD /* UILabel+SuggestSize.h */ = {isa = PBXFileReference; fileEncoding = 4; lastKnownFileType = sourcecode.c.h; path = "UILabel+SuggestSize.h"; sourceTree = "<group>"; };
		194A3A7B1C8E794D002AFECD /* UILabel+SuggestSize.m */ = {isa = PBXFileReference; fileEncoding = 4; lastKnownFileType = sourcecode.c.objc; path = "UILabel+SuggestSize.m"; sourceTree = "<group>"; };
		194A3A7D1C8E794D002AFECD /* UITextField+Blocks.h */ = {isa = PBXFileReference; fileEncoding = 4; lastKnownFileType = sourcecode.c.h; path = "UITextField+Blocks.h"; sourceTree = "<group>"; };
		194A3A7E1C8E794D002AFECD /* UITextField+Blocks.m */ = {isa = PBXFileReference; fileEncoding = 4; lastKnownFileType = sourcecode.c.objc; path = "UITextField+Blocks.m"; sourceTree = "<group>"; };
		194A3A7F1C8E794D002AFECD /* UITextField+Select.h */ = {isa = PBXFileReference; fileEncoding = 4; lastKnownFileType = sourcecode.c.h; path = "UITextField+Select.h"; sourceTree = "<group>"; };
		194A3A801C8E794D002AFECD /* UITextField+Select.m */ = {isa = PBXFileReference; fileEncoding = 4; lastKnownFileType = sourcecode.c.objc; path = "UITextField+Select.m"; sourceTree = "<group>"; };
		194F79D81C882A6F00599CCB /* YHCommonDemo.app */ = {isa = PBXFileReference; explicitFileType = wrapper.application; includeInIndex = 0; path = YHCommonDemo.app; sourceTree = BUILT_PRODUCTS_DIR; };
		194F79DC1C882A6F00599CCB /* main.m */ = {isa = PBXFileReference; lastKnownFileType = sourcecode.c.objc; path = main.m; sourceTree = "<group>"; };
		194F79DE1C882A6F00599CCB /* AppDelegate.h */ = {isa = PBXFileReference; lastKnownFileType = sourcecode.c.h; path = AppDelegate.h; sourceTree = "<group>"; };
		194F79DF1C882A6F00599CCB /* AppDelegate.m */ = {isa = PBXFileReference; lastKnownFileType = sourcecode.c.objc; path = AppDelegate.m; sourceTree = "<group>"; };
		194F79E11C882A6F00599CCB /* ViewController.h */ = {isa = PBXFileReference; lastKnownFileType = sourcecode.c.h; path = ViewController.h; sourceTree = "<group>"; };
		194F79E21C882A6F00599CCB /* ViewController.m */ = {isa = PBXFileReference; lastKnownFileType = sourcecode.c.objc; path = ViewController.m; sourceTree = "<group>"; };
		194F79E51C882A6F00599CCB /* Base */ = {isa = PBXFileReference; lastKnownFileType = file.storyboard; name = Base; path = Base.lproj/Main.storyboard; sourceTree = "<group>"; };
		194F79E71C882A6F00599CCB /* Assets.xcassets */ = {isa = PBXFileReference; lastKnownFileType = folder.assetcatalog; path = Assets.xcassets; sourceTree = "<group>"; };
		194F79EA1C882A6F00599CCB /* Base */ = {isa = PBXFileReference; lastKnownFileType = file.storyboard; name = Base; path = Base.lproj/LaunchScreen.storyboard; sourceTree = "<group>"; };
		194F79EC1C882A6F00599CCB /* Info.plist */ = {isa = PBXFileReference; lastKnownFileType = text.plist.xml; path = Info.plist; sourceTree = "<group>"; };
		194F79F11C882A6F00599CCB /* YHCommonDemoTests.xctest */ = {isa = PBXFileReference; explicitFileType = wrapper.cfbundle; includeInIndex = 0; path = YHCommonDemoTests.xctest; sourceTree = BUILT_PRODUCTS_DIR; };
		194F79F51C882A6F00599CCB /* YHCommonDemoTests.m */ = {isa = PBXFileReference; lastKnownFileType = sourcecode.c.objc; path = YHCommonDemoTests.m; sourceTree = "<group>"; };
		194F79F71C882A6F00599CCB /* Info.plist */ = {isa = PBXFileReference; lastKnownFileType = text.plist.xml; path = Info.plist; sourceTree = "<group>"; };
		194F79FC1C882A6F00599CCB /* YHCommonDemoUITests.xctest */ = {isa = PBXFileReference; explicitFileType = wrapper.cfbundle; includeInIndex = 0; path = YHCommonDemoUITests.xctest; sourceTree = BUILT_PRODUCTS_DIR; };
		194F7A001C882A6F00599CCB /* YHCommonDemoUITests.m */ = {isa = PBXFileReference; lastKnownFileType = sourcecode.c.objc; path = YHCommonDemoUITests.m; sourceTree = "<group>"; };
		194F7A021C882A7000599CCB /* Info.plist */ = {isa = PBXFileReference; lastKnownFileType = text.plist.xml; path = Info.plist; sourceTree = "<group>"; };
		1957987A1C97D84600CDDDD6 /* EXTKeyPathCoding.h */ = {isa = PBXFileReference; fileEncoding = 4; lastKnownFileType = sourcecode.c.h; path = EXTKeyPathCoding.h; sourceTree = "<group>"; };
		1957987D1C97D84600CDDDD6 /* EXTScope.h */ = {isa = PBXFileReference; fileEncoding = 4; lastKnownFileType = sourcecode.c.h; path = EXTScope.h; sourceTree = "<group>"; };
		1957987E1C97D84600CDDDD6 /* EXTScope.m */ = {isa = PBXFileReference; fileEncoding = 4; lastKnownFileType = sourcecode.c.objc; path = EXTScope.m; sourceTree = "<group>"; };
		1957987F1C97D84600CDDDD6 /* metamacros.h */ = {isa = PBXFileReference; fileEncoding = 4; lastKnownFileType = sourcecode.c.h; path = metamacros.h; sourceTree = "<group>"; };
		195798861C97D85100CDDDD6 /* SystemKit.h */ = {isa = PBXFileReference; fileEncoding = 4; lastKnownFileType = sourcecode.c.h; path = SystemKit.h; sourceTree = "<group>"; };
		195AB0DF1C89305C000E35AB /* NSString+hash.h */ = {isa = PBXFileReference; fileEncoding = 4; lastKnownFileType = sourcecode.c.h; path = "NSString+hash.h"; sourceTree = "<group>"; };
		195AB0E01C89305C000E35AB /* NSString+hash.m */ = {isa = PBXFileReference; fileEncoding = 4; lastKnownFileType = sourcecode.c.objc; path = "NSString+hash.m"; sourceTree = "<group>"; };
		195AB0E21C8930EB000E35AB /* NSData+MD5.h */ = {isa = PBXFileReference; fileEncoding = 4; lastKnownFileType = sourcecode.c.h; path = "NSData+MD5.h"; sourceTree = "<group>"; };
		195AB0E31C8930EB000E35AB /* NSData+MD5.m */ = {isa = PBXFileReference; fileEncoding = 4; lastKnownFileType = sourcecode.c.objc; path = "NSData+MD5.m"; sourceTree = "<group>"; };
		196221BF1C8927A70056384E /* NSData+Base64.h */ = {isa = PBXFileReference; fileEncoding = 4; lastKnownFileType = sourcecode.c.h; path = "NSData+Base64.h"; sourceTree = "<group>"; };
		196221C01C8927A70056384E /* NSData+Base64.m */ = {isa = PBXFileReference; fileEncoding = 4; lastKnownFileType = sourcecode.c.objc; path = "NSData+Base64.m"; sourceTree = "<group>"; };
		196221C21C8927A70056384E /* NSDate+Utilities.h */ = {isa = PBXFileReference; fileEncoding = 4; lastKnownFileType = sourcecode.c.h; path = "NSDate+Utilities.h"; sourceTree = "<group>"; };
		196221C31C8927A70056384E /* NSDate+Utilities.m */ = {isa = PBXFileReference; fileEncoding = 4; lastKnownFileType = sourcecode.c.objc; path = "NSDate+Utilities.m"; sourceTree = "<group>"; };
		196221C51C8927A70056384E /* NSString+Base64.h */ = {isa = PBXFileReference; fileEncoding = 4; lastKnownFileType = sourcecode.c.h; path = "NSString+Base64.h"; sourceTree = "<group>"; };
		196221C61C8927A70056384E /* NSString+Base64.m */ = {isa = PBXFileReference; fileEncoding = 4; lastKnownFileType = sourcecode.c.objc; path = "NSString+Base64.m"; sourceTree = "<group>"; };
		196221C71C8927A70056384E /* NSString+Contains.h */ = {isa = PBXFileReference; fileEncoding = 4; lastKnownFileType = sourcecode.c.h; path = "NSString+Contains.h"; sourceTree = "<group>"; };
		196221C81C8927A70056384E /* NSString+Contains.m */ = {isa = PBXFileReference; fileEncoding = 4; lastKnownFileType = sourcecode.c.objc; path = "NSString+Contains.m"; sourceTree = "<group>"; };
		196221C91C8927A70056384E /* NSString+RegexCategory.h */ = {isa = PBXFileReference; fileEncoding = 4; lastKnownFileType = sourcecode.c.h; path = "NSString+RegexCategory.h"; sourceTree = "<group>"; };
		196221CA1C8927A70056384E /* NSString+RegexCategory.m */ = {isa = PBXFileReference; fileEncoding = 4; lastKnownFileType = sourcecode.c.objc; path = "NSString+RegexCategory.m"; sourceTree = "<group>"; };
		196221CB1C8927A70056384E /* NSString+Size.h */ = {isa = PBXFileReference; fileEncoding = 4; lastKnownFileType = sourcecode.c.h; path = "NSString+Size.h"; sourceTree = "<group>"; };
		196221CC1C8927A70056384E /* NSString+Size.m */ = {isa = PBXFileReference; fileEncoding = 4; lastKnownFileType = sourcecode.c.objc; path = "NSString+Size.m"; sourceTree = "<group>"; };
		196221CE1C8927A70056384E /* UIButton+Block.h */ = {isa = PBXFileReference; fileEncoding = 4; lastKnownFileType = sourcecode.c.h; path = "UIButton+Block.h"; sourceTree = "<group>"; };
		196221CF1C8927A70056384E /* UIButton+Block.m */ = {isa = PBXFileReference; fileEncoding = 4; lastKnownFileType = sourcecode.c.objc; path = "UIButton+Block.m"; sourceTree = "<group>"; };
		196221D11C8927A70056384E /* UIColor+HEX.h */ = {isa = PBXFileReference; fileEncoding = 4; lastKnownFileType = sourcecode.c.h; path = "UIColor+HEX.h"; sourceTree = "<group>"; };
		196221D21C8927A70056384E /* UIColor+HEX.m */ = {isa = PBXFileReference; fileEncoding = 4; lastKnownFileType = sourcecode.c.objc; path = "UIColor+HEX.m"; sourceTree = "<group>"; };
		196221D41C8927A70056384E /* UIDevice+Hardware.h */ = {isa = PBXFileReference; fileEncoding = 4; lastKnownFileType = sourcecode.c.h; path = "UIDevice+Hardware.h"; sourceTree = "<group>"; };
		196221D51C8927A70056384E /* UIDevice+Hardware.m */ = {isa = PBXFileReference; fileEncoding = 4; lastKnownFileType = sourcecode.c.objc; path = "UIDevice+Hardware.m"; sourceTree = "<group>"; };
		196221D71C8927A70056384E /* UIImage+Blur.h */ = {isa = PBXFileReference; fileEncoding = 4; lastKnownFileType = sourcecode.c.h; path = "UIImage+Blur.h"; sourceTree = "<group>"; };
		196221D81C8927A70056384E /* UIImage+Blur.m */ = {isa = PBXFileReference; fileEncoding = 4; lastKnownFileType = sourcecode.c.objc; path = "UIImage+Blur.m"; sourceTree = "<group>"; };
		196221D91C8927A70056384E /* UIImage+Color.h */ = {isa = PBXFileReference; fileEncoding = 4; lastKnownFileType = sourcecode.c.h; path = "UIImage+Color.h"; sourceTree = "<group>"; };
		196221DA1C8927A70056384E /* UIImage+Color.m */ = {isa = PBXFileReference; fileEncoding = 4; lastKnownFileType = sourcecode.c.objc; path = "UIImage+Color.m"; sourceTree = "<group>"; };
		196221DB1C8927A70056384E /* UIImage+FileName.h */ = {isa = PBXFileReference; fileEncoding = 4; lastKnownFileType = sourcecode.c.h; path = "UIImage+FileName.h"; sourceTree = "<group>"; };
		196221DC1C8927A70056384E /* UIImage+FileName.m */ = {isa = PBXFileReference; fileEncoding = 4; lastKnownFileType = sourcecode.c.objc; path = "UIImage+FileName.m"; sourceTree = "<group>"; };
		196221DD1C8927A70056384E /* UIImage+FX.h */ = {isa = PBXFileReference; fileEncoding = 4; lastKnownFileType = sourcecode.c.h; path = "UIImage+FX.h"; sourceTree = "<group>"; };
		196221DE1C8927A70056384E /* UIImage+FX.m */ = {isa = PBXFileReference; fileEncoding = 4; lastKnownFileType = sourcecode.c.objc; path = "UIImage+FX.m"; sourceTree = "<group>"; };
		196221DF1C8927A70056384E /* UIImage+Orientation.h */ = {isa = PBXFileReference; fileEncoding = 4; lastKnownFileType = sourcecode.c.h; path = "UIImage+Orientation.h"; sourceTree = "<group>"; };
		196221E01C8927A70056384E /* UIImage+Orientation.m */ = {isa = PBXFileReference; fileEncoding = 4; lastKnownFileType = sourcecode.c.objc; path = "UIImage+Orientation.m"; sourceTree = "<group>"; };
		196221E11C8927A70056384E /* UIImage+SuperCompress.h */ = {isa = PBXFileReference; fileEncoding = 4; lastKnownFileType = sourcecode.c.h; path = "UIImage+SuperCompress.h"; sourceTree = "<group>"; };
		196221E21C8927A70056384E /* UIImage+SuperCompress.m */ = {isa = PBXFileReference; fileEncoding = 4; lastKnownFileType = sourcecode.c.objc; path = "UIImage+SuperCompress.m"; sourceTree = "<group>"; };
		197BCE1A1C916BAA00773DF2 /* UINavigationController+YHExtension.h */ = {isa = PBXFileReference; fileEncoding = 4; lastKnownFileType = sourcecode.c.h; path = "UINavigationController+YHExtension.h"; sourceTree = "<group>"; };
		197BCE1B1C916BAA00773DF2 /* UINavigationController+YHExtension.m */ = {isa = PBXFileReference; fileEncoding = 4; lastKnownFileType = sourcecode.c.objc; path = "UINavigationController+YHExtension.m"; sourceTree = "<group>"; };
		19E05F821C97DD0F002291AB /* UIViewController+Metrics.h */ = {isa = PBXFileReference; fileEncoding = 4; lastKnownFileType = sourcecode.c.h; path = "UIViewController+Metrics.h"; sourceTree = "<group>"; };
		19E05F831C97DD0F002291AB /* UIViewController+Metrics.m */ = {isa = PBXFileReference; fileEncoding = 4; lastKnownFileType = sourcecode.c.objc; path = "UIViewController+Metrics.m"; sourceTree = "<group>"; };
		19FF5FA11C88588F00F67164 /* YHKVOController.h */ = {isa = PBXFileReference; fileEncoding = 4; lastKnownFileType = sourcecode.c.h; path = YHKVOController.h; sourceTree = "<group>"; };
		19FF5FA21C88588F00F67164 /* YHKVOController.m */ = {isa = PBXFileReference; fileEncoding = 4; lastKnownFileType = sourcecode.c.objc; path = YHKVOController.m; sourceTree = "<group>"; };
		19FF5FA41C8858A200F67164 /* YHCommon.h */ = {isa = PBXFileReference; lastKnownFileType = sourcecode.c.h; path = YHCommon.h; sourceTree = "<group>"; };
/* End PBXFileReference section */

/* Begin PBXFrameworksBuildPhase section */
		194F79D51C882A6F00599CCB /* Frameworks */ = {
			isa = PBXFrameworksBuildPhase;
			buildActionMask = 2147483647;
			files = (
			);
			runOnlyForDeploymentPostprocessing = 0;
		};
		194F79EE1C882A6F00599CCB /* Frameworks */ = {
			isa = PBXFrameworksBuildPhase;
			buildActionMask = 2147483647;
			files = (
			);
			runOnlyForDeploymentPostprocessing = 0;
		};
		194F79F91C882A6F00599CCB /* Frameworks */ = {
			isa = PBXFrameworksBuildPhase;
			buildActionMask = 2147483647;
			files = (
			);
			runOnlyForDeploymentPostprocessing = 0;
		};
/* End PBXFrameworksBuildPhase section */

/* Begin PBXGroup section */
		194A3A6F1C8E794D002AFECD /* NSTimer */ = {
			isa = PBXGroup;
			children = (
				194A3A701C8E794D002AFECD /* NSTimer+Addition.h */,
				194A3A711C8E794D002AFECD /* NSTimer+Addition.m */,
				194A3A721C8E794D002AFECD /* NSTimer+Blocks.h */,
				194A3A731C8E794D002AFECD /* NSTimer+Blocks.m */,
			);
			path = NSTimer;
			sourceTree = "<group>";
		};
		194A3A741C8E794D002AFECD /* UIAlertView */ = {
			isa = PBXGroup;
			children = (
				194A3A751C8E794D002AFECD /* UIAlertView+Block.h */,
				194A3A761C8E794D002AFECD /* UIAlertView+Block.m */,
			);
			path = UIAlertView;
			sourceTree = "<group>";
		};
		194A3A771C8E794D002AFECD /* UILable */ = {
			isa = PBXGroup;
			children = (
				194A3A781C8E794D002AFECD /* UILabel+AutoSize.h */,
				194A3A791C8E794D002AFECD /* UILabel+AutoSize.m */,
				194A3A7A1C8E794D002AFECD /* UILabel+SuggestSize.h */,
				194A3A7B1C8E794D002AFECD /* UILabel+SuggestSize.m */,
			);
			path = UILable;
			sourceTree = "<group>";
		};
		194A3A7C1C8E794D002AFECD /* UITextField */ = {
			isa = PBXGroup;
			children = (
				194A3A7D1C8E794D002AFECD /* UITextField+Blocks.h */,
				194A3A7E1C8E794D002AFECD /* UITextField+Blocks.m */,
				194A3A7F1C8E794D002AFECD /* UITextField+Select.h */,
				194A3A801C8E794D002AFECD /* UITextField+Select.m */,
			);
			path = UITextField;
			sourceTree = "<group>";
		};
		194F79CF1C882A6F00599CCB = {
			isa = PBXGroup;
			children = (
				194F79DA1C882A6F00599CCB /* YHCommonDemo */,
				194F79F41C882A6F00599CCB /* YHCommonDemoTests */,
				194F79FF1C882A6F00599CCB /* YHCommonDemoUITests */,
				194F79D91C882A6F00599CCB /* Products */,
			);
			sourceTree = "<group>";
		};
		194F79D91C882A6F00599CCB /* Products */ = {
			isa = PBXGroup;
			children = (
				194F79D81C882A6F00599CCB /* YHCommonDemo.app */,
				194F79F11C882A6F00599CCB /* YHCommonDemoTests.xctest */,
				194F79FC1C882A6F00599CCB /* YHCommonDemoUITests.xctest */,
			);
			name = Products;
			sourceTree = "<group>";
		};
		194F79DA1C882A6F00599CCB /* YHCommonDemo */ = {
			isa = PBXGroup;
			children = (
				19FF5F9F1C88588E00F67164 /* YHCommon */,
				194F79DE1C882A6F00599CCB /* AppDelegate.h */,
				194F79DF1C882A6F00599CCB /* AppDelegate.m */,
				194F79E11C882A6F00599CCB /* ViewController.h */,
				194F79E21C882A6F00599CCB /* ViewController.m */,
				194F79E41C882A6F00599CCB /* Main.storyboard */,
				194F79E71C882A6F00599CCB /* Assets.xcassets */,
				194F79E91C882A6F00599CCB /* LaunchScreen.storyboard */,
				194F79EC1C882A6F00599CCB /* Info.plist */,
				194F79DB1C882A6F00599CCB /* Supporting Files */,
			);
			path = YHCommonDemo;
			sourceTree = "<group>";
		};
		194F79DB1C882A6F00599CCB /* Supporting Files */ = {
			isa = PBXGroup;
			children = (
				194F79DC1C882A6F00599CCB /* main.m */,
			);
			name = "Supporting Files";
			sourceTree = "<group>";
		};
		194F79F41C882A6F00599CCB /* YHCommonDemoTests */ = {
			isa = PBXGroup;
			children = (
				194F79F51C882A6F00599CCB /* YHCommonDemoTests.m */,
				194F79F71C882A6F00599CCB /* Info.plist */,
			);
			path = YHCommonDemoTests;
			sourceTree = "<group>";
		};
		194F79FF1C882A6F00599CCB /* YHCommonDemoUITests */ = {
			isa = PBXGroup;
			children = (
				194F7A001C882A6F00599CCB /* YHCommonDemoUITests.m */,
				194F7A021C882A7000599CCB /* Info.plist */,
			);
			path = YHCommonDemoUITests;
			sourceTree = "<group>";
		};
		195798791C97D84600CDDDD6 /* extobjc */ = {
			isa = PBXGroup;
			children = (
				1957987A1C97D84600CDDDD6 /* EXTKeyPathCoding.h */,
				1957987D1C97D84600CDDDD6 /* EXTScope.h */,
				1957987E1C97D84600CDDDD6 /* EXTScope.m */,
				1957987F1C97D84600CDDDD6 /* metamacros.h */,
			);
			path = extobjc;
			sourceTree = "<group>";
		};
		195798801C97D84600CDDDD6 /* UIViewController */ = {
			isa = PBXGroup;
			children = (
				19E05F821C97DD0F002291AB /* UIViewController+Metrics.h */,
				19E05F831C97DD0F002291AB /* UIViewController+Metrics.m */,
			);
			path = UIViewController;
			sourceTree = "<group>";
		};
		196221BE1C8927A70056384E /* NSData */ = {
			isa = PBXGroup;
			children = (
				196221BF1C8927A70056384E /* NSData+Base64.h */,
				196221C01C8927A70056384E /* NSData+Base64.m */,
				195AB0E21C8930EB000E35AB /* NSData+MD5.h */,
				195AB0E31C8930EB000E35AB /* NSData+MD5.m */,
			);
			path = NSData;
			sourceTree = "<group>";
		};
		196221C11C8927A70056384E /* NSDate */ = {
			isa = PBXGroup;
			children = (
				196221C21C8927A70056384E /* NSDate+Utilities.h */,
				196221C31C8927A70056384E /* NSDate+Utilities.m */,
			);
			path = NSDate;
			sourceTree = "<group>";
		};
		196221C41C8927A70056384E /* NSString */ = {
			isa = PBXGroup;
			children = (
				196221C51C8927A70056384E /* NSString+Base64.h */,
				196221C61C8927A70056384E /* NSString+Base64.m */,
				196221C71C8927A70056384E /* NSString+Contains.h */,
				196221C81C8927A70056384E /* NSString+Contains.m */,
				196221C91C8927A70056384E /* NSString+RegexCategory.h */,
				196221CA1C8927A70056384E /* NSString+RegexCategory.m */,
				196221CB1C8927A70056384E /* NSString+Size.h */,
				196221CC1C8927A70056384E /* NSString+Size.m */,
				195AB0DF1C89305C000E35AB /* NSString+hash.h */,
				195AB0E01C89305C000E35AB /* NSString+hash.m */,
			);
			path = NSString;
			sourceTree = "<group>";
		};
		196221CD1C8927A70056384E /* UIButton */ = {
			isa = PBXGroup;
			children = (
				196221CE1C8927A70056384E /* UIButton+Block.h */,
				196221CF1C8927A70056384E /* UIButton+Block.m */,
			);
			path = UIButton;
			sourceTree = "<group>";
		};
		196221D01C8927A70056384E /* UIColor */ = {
			isa = PBXGroup;
			children = (
				196221D11C8927A70056384E /* UIColor+HEX.h */,
				196221D21C8927A70056384E /* UIColor+HEX.m */,
			);
			path = UIColor;
			sourceTree = "<group>";
		};
		196221D31C8927A70056384E /* UIDevice */ = {
			isa = PBXGroup;
			children = (
				195798861C97D85100CDDDD6 /* SystemKit.h */,
				196221D41C8927A70056384E /* UIDevice+Hardware.h */,
				196221D51C8927A70056384E /* UIDevice+Hardware.m */,
			);
			path = UIDevice;
			sourceTree = "<group>";
		};
		196221D61C8927A70056384E /* UIImage */ = {
			isa = PBXGroup;
			children = (
				196221D71C8927A70056384E /* UIImage+Blur.h */,
				196221D81C8927A70056384E /* UIImage+Blur.m */,
				196221D91C8927A70056384E /* UIImage+Color.h */,
				196221DA1C8927A70056384E /* UIImage+Color.m */,
				196221DB1C8927A70056384E /* UIImage+FileName.h */,
				196221DC1C8927A70056384E /* UIImage+FileName.m */,
				196221DD1C8927A70056384E /* UIImage+FX.h */,
				196221DE1C8927A70056384E /* UIImage+FX.m */,
				196221DF1C8927A70056384E /* UIImage+Orientation.h */,
				196221E01C8927A70056384E /* UIImage+Orientation.m */,
				196221E11C8927A70056384E /* UIImage+SuperCompress.h */,
				196221E21C8927A70056384E /* UIImage+SuperCompress.m */,
			);
			path = UIImage;
			sourceTree = "<group>";
		};
		197BCE191C916B5500773DF2 /* UINavigationController */ = {
			isa = PBXGroup;
			children = (
				197BCE1A1C916BAA00773DF2 /* UINavigationController+YHExtension.h */,
				197BCE1B1C916BAA00773DF2 /* UINavigationController+YHExtension.m */,
			);
			path = UINavigationController;
			sourceTree = "<group>";
		};
		19FF5F9F1C88588E00F67164 /* YHCommon */ = {
			isa = PBXGroup;
			children = (
				195798791C97D84600CDDDD6 /* extobjc */,
				195798801C97D84600CDDDD6 /* UIViewController */,
				197BCE191C916B5500773DF2 /* UINavigationController */,
				194A3A6F1C8E794D002AFECD /* NSTimer */,
				194A3A741C8E794D002AFECD /* UIAlertView */,
				194A3A771C8E794D002AFECD /* UILable */,
				194A3A7C1C8E794D002AFECD /* UITextField */,
				196221BE1C8927A70056384E /* NSData */,
				196221C11C8927A70056384E /* NSDate */,
				196221C41C8927A70056384E /* NSString */,
				196221CD1C8927A70056384E /* UIButton */,
				196221D01C8927A70056384E /* UIColor */,
				196221D31C8927A70056384E /* UIDevice */,
				196221D61C8927A70056384E /* UIImage */,
				19FF5FA01C88588F00F67164 /* YHKVOController */,
				19FF5FA41C8858A200F67164 /* YHCommon.h */,
			);
			name = YHCommon;
			path = ../../YHCommon;
			sourceTree = "<group>";
		};
		19FF5FA01C88588F00F67164 /* YHKVOController */ = {
			isa = PBXGroup;
			children = (
				19FF5FA11C88588F00F67164 /* YHKVOController.h */,
				19FF5FA21C88588F00F67164 /* YHKVOController.m */,
			);
			path = YHKVOController;
			sourceTree = "<group>";
		};
/* End PBXGroup section */

/* Begin PBXNativeTarget section */
		194F79D71C882A6F00599CCB /* YHCommonDemo */ = {
			isa = PBXNativeTarget;
			buildConfigurationList = 194F7A051C882A7000599CCB /* Build configuration list for PBXNativeTarget "YHCommonDemo" */;
			buildPhases = (
				194F79D41C882A6F00599CCB /* Sources */,
				194F79D51C882A6F00599CCB /* Frameworks */,
				194F79D61C882A6F00599CCB /* Resources */,
			);
			buildRules = (
			);
			dependencies = (
			);
			name = YHCommonDemo;
			productName = YHCommonDemo;
			productReference = 194F79D81C882A6F00599CCB /* YHCommonDemo.app */;
			productType = "com.apple.product-type.application";
		};
		194F79F01C882A6F00599CCB /* YHCommonDemoTests */ = {
			isa = PBXNativeTarget;
			buildConfigurationList = 194F7A081C882A7000599CCB /* Build configuration list for PBXNativeTarget "YHCommonDemoTests" */;
			buildPhases = (
				194F79ED1C882A6F00599CCB /* Sources */,
				194F79EE1C882A6F00599CCB /* Frameworks */,
				194F79EF1C882A6F00599CCB /* Resources */,
			);
			buildRules = (
			);
			dependencies = (
				194F79F31C882A6F00599CCB /* PBXTargetDependency */,
			);
			name = YHCommonDemoTests;
			productName = YHCommonDemoTests;
			productReference = 194F79F11C882A6F00599CCB /* YHCommonDemoTests.xctest */;
			productType = "com.apple.product-type.bundle.unit-test";
		};
		194F79FB1C882A6F00599CCB /* YHCommonDemoUITests */ = {
			isa = PBXNativeTarget;
			buildConfigurationList = 194F7A0B1C882A7000599CCB /* Build configuration list for PBXNativeTarget "YHCommonDemoUITests" */;
			buildPhases = (
				194F79F81C882A6F00599CCB /* Sources */,
				194F79F91C882A6F00599CCB /* Frameworks */,
				194F79FA1C882A6F00599CCB /* Resources */,
			);
			buildRules = (
			);
			dependencies = (
				194F79FE1C882A6F00599CCB /* PBXTargetDependency */,
			);
			name = YHCommonDemoUITests;
			productName = YHCommonDemoUITests;
			productReference = 194F79FC1C882A6F00599CCB /* YHCommonDemoUITests.xctest */;
			productType = "com.apple.product-type.bundle.ui-testing";
		};
/* End PBXNativeTarget section */

/* Begin PBXProject section */
		194F79D01C882A6F00599CCB /* Project object */ = {
			isa = PBXProject;
			attributes = {
				LastUpgradeCheck = 0720;
				ORGANIZATIONNAME = wangsw;
				TargetAttributes = {
					194F79D71C882A6F00599CCB = {
						CreatedOnToolsVersion = 7.2;
					};
					194F79F01C882A6F00599CCB = {
						CreatedOnToolsVersion = 7.2;
						TestTargetID = 194F79D71C882A6F00599CCB;
					};
					194F79FB1C882A6F00599CCB = {
						CreatedOnToolsVersion = 7.2;
						TestTargetID = 194F79D71C882A6F00599CCB;
					};
				};
			};
			buildConfigurationList = 194F79D31C882A6F00599CCB /* Build configuration list for PBXProject "YHCommonDemo" */;
			compatibilityVersion = "Xcode 3.2";
			developmentRegion = English;
			hasScannedForEncodings = 0;
			knownRegions = (
				en,
				Base,
			);
			mainGroup = 194F79CF1C882A6F00599CCB;
			productRefGroup = 194F79D91C882A6F00599CCB /* Products */;
			projectDirPath = "";
			projectRoot = "";
			targets = (
				194F79D71C882A6F00599CCB /* YHCommonDemo */,
				194F79F01C882A6F00599CCB /* YHCommonDemoTests */,
				194F79FB1C882A6F00599CCB /* YHCommonDemoUITests */,
			);
		};
/* End PBXProject section */

/* Begin PBXResourcesBuildPhase section */
		194F79D61C882A6F00599CCB /* Resources */ = {
			isa = PBXResourcesBuildPhase;
			buildActionMask = 2147483647;
			files = (
				194F79EB1C882A6F00599CCB /* LaunchScreen.storyboard in Resources */,
				194F79E81C882A6F00599CCB /* Assets.xcassets in Resources */,
				194F79E61C882A6F00599CCB /* Main.storyboard in Resources */,
			);
			runOnlyForDeploymentPostprocessing = 0;
		};
		194F79EF1C882A6F00599CCB /* Resources */ = {
			isa = PBXResourcesBuildPhase;
			buildActionMask = 2147483647;
			files = (
			);
			runOnlyForDeploymentPostprocessing = 0;
		};
		194F79FA1C882A6F00599CCB /* Resources */ = {
			isa = PBXResourcesBuildPhase;
			buildActionMask = 2147483647;
			files = (
			);
			runOnlyForDeploymentPostprocessing = 0;
		};
/* End PBXResourcesBuildPhase section */

/* Begin PBXSourcesBuildPhase section */
		194F79D41C882A6F00599CCB /* Sources */ = {
			isa = PBXSourcesBuildPhase;
			buildActionMask = 2147483647;
			files = (
				19E05F851C97DD39002291AB /* UIViewController+Metrics.m in Sources */,
				194A3A841C8E794D002AFECD /* UILabel+AutoSize.m in Sources */,
				196221F01C8927A70056384E /* UIImage+Orientation.m in Sources */,
				195AB0E41C8930EB000E35AB /* NSData+MD5.m in Sources */,
				196221E61C8927A70056384E /* NSString+Contains.m in Sources */,
				195798841C97D84600CDDDD6 /* EXTScope.m in Sources */,
				195AB0E11C89305C000E35AB /* NSString+hash.m in Sources */,
				196221EA1C8927A70056384E /* UIColor+HEX.m in Sources */,
				194F79E31C882A6F00599CCB /* ViewController.m in Sources */,
				196221E41C8927A70056384E /* NSDate+Utilities.m in Sources */,
				19FF5FA31C88588F00F67164 /* YHKVOController.m in Sources */,
				196221E81C8927A70056384E /* NSString+Size.m in Sources */,
				196221E31C8927A70056384E /* NSData+Base64.m in Sources */,
				194F79E01C882A6F00599CCB /* AppDelegate.m in Sources */,
				196221EF1C8927A70056384E /* UIImage+FX.m in Sources */,
				194A3A871C8E794D002AFECD /* UITextField+Select.m in Sources */,
				196221EC1C8927A70056384E /* UIImage+Blur.m in Sources */,
				196221E91C8927A70056384E /* UIButton+Block.m in Sources */,
				196221EE1C8927A70056384E /* UIImage+FileName.m in Sources */,
				194F79DD1C882A6F00599CCB /* main.m in Sources */,
				197BCE1C1C916BAA00773DF2 /* UINavigationController+YHExtension.m in Sources */,
				194A3A821C8E794D002AFECD /* NSTimer+Blocks.m in Sources */,
				194A3A811C8E794D002AFECD /* NSTimer+Addition.m in Sources */,
				196221E51C8927A70056384E /* NSString+Base64.m in Sources */,
				196221ED1C8927A70056384E /* UIImage+Color.m in Sources */,
				196221EB1C8927A70056384E /* UIDevice+Hardware.m in Sources */,
				194A3A851C8E794D002AFECD /* UILabel+SuggestSize.m in Sources */,
				194A3A831C8E794D002AFECD /* UIAlertView+Block.m in Sources */,
				194A3A861C8E794D002AFECD /* UITextField+Blocks.m in Sources */,
				196221F11C8927A70056384E /* UIImage+SuperCompress.m in Sources */,
				196221E71C8927A70056384E /* NSString+RegexCategory.m in Sources */,
			);
			runOnlyForDeploymentPostprocessing = 0;
		};
		194F79ED1C882A6F00599CCB /* Sources */ = {
			isa = PBXSourcesBuildPhase;
			buildActionMask = 2147483647;
			files = (
				194F79F61C882A6F00599CCB /* YHCommonDemoTests.m in Sources */,
			);
			runOnlyForDeploymentPostprocessing = 0;
		};
		194F79F81C882A6F00599CCB /* Sources */ = {
			isa = PBXSourcesBuildPhase;
			buildActionMask = 2147483647;
			files = (
				194F7A011C882A6F00599CCB /* YHCommonDemoUITests.m in Sources */,
			);
			runOnlyForDeploymentPostprocessing = 0;
		};
/* End PBXSourcesBuildPhase section */

/* Begin PBXTargetDependency section */
		194F79F31C882A6F00599CCB /* PBXTargetDependency */ = {
			isa = PBXTargetDependency;
			target = 194F79D71C882A6F00599CCB /* YHCommonDemo */;
			targetProxy = 194F79F21C882A6F00599CCB /* PBXContainerItemProxy */;
		};
		194F79FE1C882A6F00599CCB /* PBXTargetDependency */ = {
			isa = PBXTargetDependency;
			target = 194F79D71C882A6F00599CCB /* YHCommonDemo */;
			targetProxy = 194F79FD1C882A6F00599CCB /* PBXContainerItemProxy */;
		};
/* End PBXTargetDependency section */

/* Begin PBXVariantGroup section */
		194F79E41C882A6F00599CCB /* Main.storyboard */ = {
			isa = PBXVariantGroup;
			children = (
				194F79E51C882A6F00599CCB /* Base */,
			);
			name = Main.storyboard;
			sourceTree = "<group>";
		};
		194F79E91C882A6F00599CCB /* LaunchScreen.storyboard */ = {
			isa = PBXVariantGroup;
			children = (
				194F79EA1C882A6F00599CCB /* Base */,
			);
			name = LaunchScreen.storyboard;
			sourceTree = "<group>";
		};
/* End PBXVariantGroup section */

/* Begin XCBuildConfiguration section */
		194F7A031C882A7000599CCB /* Debug */ = {
			isa = XCBuildConfiguration;
			buildSettings = {
				ALWAYS_SEARCH_USER_PATHS = NO;
				CLANG_CXX_LANGUAGE_STANDARD = "gnu++0x";
				CLANG_CXX_LIBRARY = "libc++";
				CLANG_ENABLE_MODULES = YES;
				CLANG_ENABLE_OBJC_ARC = YES;
				CLANG_WARN_BOOL_CONVERSION = YES;
				CLANG_WARN_CONSTANT_CONVERSION = YES;
				CLANG_WARN_DIRECT_OBJC_ISA_USAGE = YES_ERROR;
				CLANG_WARN_EMPTY_BODY = YES;
				CLANG_WARN_ENUM_CONVERSION = YES;
				CLANG_WARN_INT_CONVERSION = YES;
				CLANG_WARN_OBJC_ROOT_CLASS = YES_ERROR;
				CLANG_WARN_UNREACHABLE_CODE = YES;
				CLANG_WARN__DUPLICATE_METHOD_MATCH = YES;
				"CODE_SIGN_IDENTITY[sdk=iphoneos*]" = "iPhone Developer";
				COPY_PHASE_STRIP = NO;
				DEBUG_INFORMATION_FORMAT = dwarf;
				ENABLE_STRICT_OBJC_MSGSEND = YES;
				ENABLE_TESTABILITY = YES;
				GCC_C_LANGUAGE_STANDARD = gnu99;
				GCC_DYNAMIC_NO_PIC = NO;
				GCC_NO_COMMON_BLOCKS = YES;
				GCC_OPTIMIZATION_LEVEL = 0;
				GCC_PREPROCESSOR_DEFINITIONS = (
					"DEBUG=1",
					"$(inherited)",
				);
				GCC_WARN_64_TO_32_BIT_CONVERSION = YES;
				GCC_WARN_ABOUT_RETURN_TYPE = YES_ERROR;
				GCC_WARN_UNDECLARED_SELECTOR = YES;
				GCC_WARN_UNINITIALIZED_AUTOS = YES_AGGRESSIVE;
				GCC_WARN_UNUSED_FUNCTION = YES;
				GCC_WARN_UNUSED_VARIABLE = YES;
				IPHONEOS_DEPLOYMENT_TARGET = 9.2;
				MTL_ENABLE_DEBUG_INFO = YES;
				ONLY_ACTIVE_ARCH = YES;
				SDKROOT = iphoneos;
				TARGETED_DEVICE_FAMILY = "1,2";
			};
			name = Debug;
		};
		194F7A041C882A7000599CCB /* Release */ = {
			isa = XCBuildConfiguration;
			buildSettings = {
				ALWAYS_SEARCH_USER_PATHS = NO;
				CLANG_CXX_LANGUAGE_STANDARD = "gnu++0x";
				CLANG_CXX_LIBRARY = "libc++";
				CLANG_ENABLE_MODULES = YES;
				CLANG_ENABLE_OBJC_ARC = YES;
				CLANG_WARN_BOOL_CONVERSION = YES;
				CLANG_WARN_CONSTANT_CONVERSION = YES;
				CLANG_WARN_DIRECT_OBJC_ISA_USAGE = YES_ERROR;
				CLANG_WARN_EMPTY_BODY = YES;
				CLANG_WARN_ENUM_CONVERSION = YES;
				CLANG_WARN_INT_CONVERSION = YES;
				CLANG_WARN_OBJC_ROOT_CLASS = YES_ERROR;
				CLANG_WARN_UNREACHABLE_CODE = YES;
				CLANG_WARN__DUPLICATE_METHOD_MATCH = YES;
				"CODE_SIGN_IDENTITY[sdk=iphoneos*]" = "iPhone Developer";
				COPY_PHASE_STRIP = NO;
				DEBUG_INFORMATION_FORMAT = "dwarf-with-dsym";
				ENABLE_NS_ASSERTIONS = NO;
				ENABLE_STRICT_OBJC_MSGSEND = YES;
				GCC_C_LANGUAGE_STANDARD = gnu99;
				GCC_NO_COMMON_BLOCKS = YES;
				GCC_WARN_64_TO_32_BIT_CONVERSION = YES;
				GCC_WARN_ABOUT_RETURN_TYPE = YES_ERROR;
				GCC_WARN_UNDECLARED_SELECTOR = YES;
				GCC_WARN_UNINITIALIZED_AUTOS = YES_AGGRESSIVE;
				GCC_WARN_UNUSED_FUNCTION = YES;
				GCC_WARN_UNUSED_VARIABLE = YES;
				IPHONEOS_DEPLOYMENT_TARGET = 9.2;
				MTL_ENABLE_DEBUG_INFO = NO;
				SDKROOT = iphoneos;
				TARGETED_DEVICE_FAMILY = "1,2";
				VALIDATE_PRODUCT = YES;
			};
			name = Release;
		};
		194F7A061C882A7000599CCB /* Debug */ = {
			isa = XCBuildConfiguration;
			buildSettings = {
				ASSETCATALOG_COMPILER_APPICON_NAME = AppIcon;
				INFOPLIST_FILE = YHCommonDemo/Info.plist;
				IPHONEOS_DEPLOYMENT_TARGET = 7.1;
				LD_RUNPATH_SEARCH_PATHS = "$(inherited) @executable_path/Frameworks";
				PRODUCT_BUNDLE_IDENTIFIER = nd.YHCommonDemo;
				PRODUCT_NAME = "$(TARGET_NAME)";
			};
			name = Debug;
		};
		194F7A071C882A7000599CCB /* Release */ = {
			isa = XCBuildConfiguration;
			buildSettings = {
				ASSETCATALOG_COMPILER_APPICON_NAME = AppIcon;
				INFOPLIST_FILE = YHCommonDemo/Info.plist;
				IPHONEOS_DEPLOYMENT_TARGET = 7.1;
				LD_RUNPATH_SEARCH_PATHS = "$(inherited) @executable_path/Frameworks";
				PRODUCT_BUNDLE_IDENTIFIER = nd.YHCommonDemo;
				PRODUCT_NAME = "$(TARGET_NAME)";
			};
			name = Release;
		};
		194F7A091C882A7000599CCB /* Debug */ = {
			isa = XCBuildConfiguration;
			buildSettings = {
				BUNDLE_LOADER = "$(TEST_HOST)";
				INFOPLIST_FILE = YHCommonDemoTests/Info.plist;
				LD_RUNPATH_SEARCH_PATHS = "$(inherited) @executable_path/Frameworks @loader_path/Frameworks";
				PRODUCT_BUNDLE_IDENTIFIER = nd.YHCommonDemoTests;
				PRODUCT_NAME = "$(TARGET_NAME)";
				TEST_HOST = "$(BUILT_PRODUCTS_DIR)/YHCommonDemo.app/YHCommonDemo";
			};
			name = Debug;
		};
		194F7A0A1C882A7000599CCB /* Release */ = {
			isa = XCBuildConfiguration;
			buildSettings = {
				BUNDLE_LOADER = "$(TEST_HOST)";
				INFOPLIST_FILE = YHCommonDemoTests/Info.plist;
				LD_RUNPATH_SEARCH_PATHS = "$(inherited) @executable_path/Frameworks @loader_path/Frameworks";
				PRODUCT_BUNDLE_IDENTIFIER = nd.YHCommonDemoTests;
				PRODUCT_NAME = "$(TARGET_NAME)";
				TEST_HOST = "$(BUILT_PRODUCTS_DIR)/YHCommonDemo.app/YHCommonDemo";
			};
			name = Release;
		};
		194F7A0C1C882A7000599CCB /* Debug */ = {
			isa = XCBuildConfiguration;
			buildSettings = {
				INFOPLIST_FILE = YHCommonDemoUITests/Info.plist;
				LD_RUNPATH_SEARCH_PATHS = "$(inherited) @executable_path/Frameworks @loader_path/Frameworks";
				PRODUCT_BUNDLE_IDENTIFIER = nd.YHCommonDemoUITests;
				PRODUCT_NAME = "$(TARGET_NAME)";
				TEST_TARGET_NAME = YHCommonDemo;
				USES_XCTRUNNER = YES;
			};
			name = Debug;
		};
		194F7A0D1C882A7000599CCB /* Release */ = {
			isa = XCBuildConfiguration;
			buildSettings = {
				INFOPLIST_FILE = YHCommonDemoUITests/Info.plist;
				LD_RUNPATH_SEARCH_PATHS = "$(inherited) @executable_path/Frameworks @loader_path/Frameworks";
				PRODUCT_BUNDLE_IDENTIFIER = nd.YHCommonDemoUITests;
				PRODUCT_NAME = "$(TARGET_NAME)";
				TEST_TARGET_NAME = YHCommonDemo;
				USES_XCTRUNNER = YES;
			};
			name = Release;
		};
/* End XCBuildConfiguration section */

/* Begin XCConfigurationList section */
		194F79D31C882A6F00599CCB /* Build configuration list for PBXProject "YHCommonDemo" */ = {
			isa = XCConfigurationList;
			buildConfigurations = (
				194F7A031C882A7000599CCB /* Debug */,
				194F7A041C882A7000599CCB /* Release */,
			);
			defaultConfigurationIsVisible = 0;
			defaultConfigurationName = Release;
		};
		194F7A051C882A7000599CCB /* Build configuration list for PBXNativeTarget "YHCommonDemo" */ = {
			isa = XCConfigurationList;
			buildConfigurations = (
				194F7A061C882A7000599CCB /* Debug */,
				194F7A071C882A7000599CCB /* Release */,
			);
			defaultConfigurationIsVisible = 0;
			defaultConfigurationName = Release;
		};
		194F7A081C882A7000599CCB /* Build configuration list for PBXNativeTarget "YHCommonDemoTests" */ = {
			isa = XCConfigurationList;
			buildConfigurations = (
				194F7A091C882A7000599CCB /* Debug */,
				194F7A0A1C882A7000599CCB /* Release */,
			);
			defaultConfigurationIsVisible = 0;
			defaultConfigurationName = Release;
		};
		194F7A0B1C882A7000599CCB /* Build configuration list for PBXNativeTarget "YHCommonDemoUITests" */ = {
			isa = XCConfigurationList;
			buildConfigurations = (
				194F7A0C1C882A7000599CCB /* Debug */,
				194F7A0D1C882A7000599CCB /* Release */,
			);
			defaultConfigurationIsVisible = 0;
			defaultConfigurationName = Release;
		};
/* End XCConfigurationList section */
	};
	rootObject = 194F79D01C882A6F00599CCB /* Project object */;
}
